[root]
name = "pyrite"
version = "0.0.0"
dependencies = [
 "cgmath 0.0.1 (git+https://github.com/bjz/cgmath-rs#9ade4ce92d639d2a67c0932816ff26f9ec516616)",
 "image 0.0.0 (git+https://github.com/PistonDevelopers/rust-image#b12e4237248f8032ea7a53b767cddefc50cd79f2)",
 "wavefront-obj 0.0.0 (git+https://github.com/PistonDevelopers/wavefront-obj#b646ae45a6d1467eda23a5f65720a9521dd38b31)",
]

[[package]]
name = "cgmath"
version = "0.0.1"
source = "git+https://github.com/bjz/cgmath-rs#9ade4ce92d639d2a67c0932816ff26f9ec516616"

[[package]]
name = "image"
version = "0.0.0"
source = "git+https://github.com/PistonDevelopers/rust-image#b12e4237248f8032ea7a53b767cddefc50cd79f2"

[[package]]
name = "wavefront-obj"
version = "0.0.0"
source = "git+https://github.com/PistonDevelopers/wavefront-obj#b646ae45a6d1467eda23a5f65720a9521dd38b31"

